# THIS IS AN AUTOGENERATED FILE. DO NOT EDIT THIS FILE DIRECTLY.
# yarn lockfile v1


"@discordjs/builders@^1.6.5":
  "integrity" "sha512-SdweyCs/+mHj+PNhGLLle7RrRFX9ZAhzynHahMCLqp5Zeq7np7XC6/mgzHc79QoVlQ1zZtOkTTiJpOZu5V8Ufg=="
  "resolved" "https://registry.npmjs.org/@discordjs/builders/-/builders-1.6.5.tgz"
  "version" "1.6.5"
  dependencies:
    "@discordjs/formatters" "^0.3.2"
    "@discordjs/util" "^1.0.1"
    "@sapphire/shapeshift" "^3.9.2"
    "discord-api-types" "0.37.50"
    "fast-deep-equal" "^3.1.3"
    "ts-mixer" "^6.0.3"
    "tslib" "^2.6.1"

"@discordjs/collection@^1.5.3":
  "integrity" "sha512-SVb428OMd3WO1paV3rm6tSjM4wC+Kecaa1EUGX7vc6/fddvw/6lg90z4QtCqm21zvVe92vMMDt9+DkIvjXImQQ=="
  "resolved" "https://registry.npmjs.org/@discordjs/collection/-/collection-1.5.3.tgz"
  "version" "1.5.3"

"@discordjs/formatters@^0.3.2":
  "integrity" "sha512-lE++JZK8LSSDRM5nLjhuvWhGuKiXqu+JZ/DsOR89DVVia3z9fdCJVcHF2W/1Zxgq0re7kCzmAJlCMMX3tetKpA=="
  "resolved" "https://registry.npmjs.org/@discordjs/formatters/-/formatters-0.3.2.tgz"
  "version" "0.3.2"
  dependencies:
    "discord-api-types" "0.37.50"

"@discordjs/rest@^2.0.1":
  "integrity" "sha512-/eWAdDRvwX/rIE2tuQUmKaxmWeHmGealttIzGzlYfI4+a7y9b6ZoMp8BG/jaohs8D8iEnCNYaZiOFLVFLQb8Zg=="
  "resolved" "https://registry.npmjs.org/@discordjs/rest/-/rest-2.0.1.tgz"
  "version" "2.0.1"
  dependencies:
    "@discordjs/collection" "^1.5.3"
    "@discordjs/util" "^1.0.1"
    "@sapphire/async-queue" "^1.5.0"
    "@sapphire/snowflake" "^3.5.1"
    "@vladfrangu/async_event_emitter" "^2.2.2"
    "discord-api-types" "0.37.50"
    "magic-bytes.js" "^1.0.15"
    "tslib" "^2.6.1"
    "undici" "5.22.1"

"@discordjs/util@^1.0.1":
  "integrity" "sha512-d0N2yCxB8r4bn00/hvFZwM7goDcUhtViC5un4hPj73Ba4yrChLSJD8fy7Ps5jpTLg1fE9n4K0xBLc1y9WGwSsA=="
  "resolved" "https://registry.npmjs.org/@discordjs/util/-/util-1.0.1.tgz"
  "version" "1.0.1"

"@discordjs/ws@^1.0.1":
  "integrity" "sha512-avvAolBqN3yrSvdBPcJ/0j2g42ABzrv3PEL76e3YTp2WYMGH7cuspkjfSyNWaqYl1J+669dlLp+YFMxSVQyS5g=="
  "resolved" "https://registry.npmjs.org/@discordjs/ws/-/ws-1.0.1.tgz"
  "version" "1.0.1"
  dependencies:
    "@discordjs/collection" "^1.5.3"
    "@discordjs/rest" "^2.0.1"
    "@discordjs/util" "^1.0.1"
    "@sapphire/async-queue" "^1.5.0"
    "@types/ws" "^8.5.5"
    "@vladfrangu/async_event_emitter" "^2.2.2"
    "discord-api-types" "0.37.50"
    "tslib" "^2.6.1"
    "ws" "^8.13.0"

"@sapphire/async-queue@^1.5.0":
  "integrity" "sha512-JkLdIsP8fPAdh9ZZjrbHWR/+mZj0wvKS5ICibcLrRI1j84UmLMshx5n9QmL8b95d4onJ2xxiyugTgSAX7AalmA=="
  "resolved" "https://registry.npmjs.org/@sapphire/async-queue/-/async-queue-1.5.0.tgz"
  "version" "1.5.0"

"@sapphire/shapeshift@^3.9.2":
  "integrity" "sha512-YRbCXWy969oGIdqR/wha62eX8GNHsvyYi0Rfd4rNW6tSVVa8p0ELiMEuOH/k8rgtvRoM+EMV7Csqz77YdwiDpA=="
  "resolved" "https://registry.npmjs.org/@sapphire/shapeshift/-/shapeshift-3.9.2.tgz"
  "version" "3.9.2"
  dependencies:
    "fast-deep-equal" "^3.1.3"
    "lodash" "^4.17.21"

"@sapphire/snowflake@^3.5.1":
  "integrity" "sha512-BxcYGzgEsdlG0dKAyOm0ehLGm2CafIrfQTZGWgkfKYbj+pNNsorZ7EotuZukc2MT70E0UbppVbtpBrqpzVzjNA=="
  "resolved" "https://registry.npmjs.org/@sapphire/snowflake/-/snowflake-3.5.1.tgz"
  "version" "3.5.1"

"@types/node@*", "@types/node@^18.15.11":
  "integrity" "sha512-ZE/5aB73CyGqgQULkLG87N9GnyGe5TcQjv34pwS8tfBs1IkCh0ASM69mydb2znqd6v0eX+9Ytvk6oQRqu8T1Vw=="
  "resolved" "https://registry.npmjs.org/@types/node/-/node-18.17.14.tgz"
  "version" "18.17.14"

"@types/ws@^8.5.5":
  "integrity" "sha512-lwhs8hktwxSjf9UaZ9tG5M03PGogvFaH8gUgLNbN9HKIg0dvv6q+gkSuJ8HN4/VbyxkuLzCjlN7GquQ0gUJfIg=="
  "resolved" "https://registry.npmjs.org/@types/ws/-/ws-8.5.5.tgz"
  "version" "8.5.5"
  dependencies:
    "@types/node" "*"

"@vladfrangu/async_event_emitter@^2.2.2":
  "integrity" "sha512-HIzRG7sy88UZjBJamssEczH5q7t5+axva19UbZLO6u0ySbYPrwzWiXBcC0WuHyhKKoeCyneH+FvYzKQq/zTtkQ=="
  "resolved" "https://registry.npmjs.org/@vladfrangu/async_event_emitter/-/async_event_emitter-2.2.2.tgz"
  "version" "2.2.2"

"accepts@~1.3.8":
  "integrity" "sha512-PYAthTa2m2VKxuvSD3DPC/Gy+U+sOA1LAuT8mkmRuvw+NACSaeXEQ+NHcVF7rONl6qcaxV3Uuemwawk+7+SJLw=="
  "resolved" "https://registry.npmjs.org/accepts/-/accepts-1.3.8.tgz"
  "version" "1.3.8"
  dependencies:
    "mime-types" "~2.1.34"
    "negotiator" "0.6.3"

"ansi-sequence-parser@^1.1.0":
  "integrity" "sha512-vJXt3yiaUL4UU546s3rPXlsry/RnM730G1+HkpKE012AN0sx1eOrxSu95oKDIonskeLTijMgqWZ3uDEe3NFvyg=="
  "resolved" "https://registry.npmjs.org/ansi-sequence-parser/-/ansi-sequence-parser-1.1.1.tgz"
  "version" "1.1.1"

"array-flatten@1.1.1":
  "integrity" "sha512-PCVAQswWemu6UdxsDFFX/+gVeYqKAod3D3UVm91jHwynguOwAvYPhx8nNlM++NqRcK6CxxpUafjmhIdKiHibqg=="
  "resolved" "https://registry.npmjs.org/array-flatten/-/array-flatten-1.1.1.tgz"
  "version" "1.1.1"

"assert@^1.4.1":
  "integrity" "sha512-zzw1uCAgLbsKwBfFc8CX78DDg+xZeBksSO3vwVIDDN5i94eOrPsSSyiVhmsSABFDM/OcpE2aagCat9dnWQLG1A=="
  "resolved" "https://registry.npmjs.org/assert/-/assert-1.5.1.tgz"
  "version" "1.5.1"
  dependencies:
    "object.assign" "^4.1.4"
    "util" "^0.10.4"

"asynckit@^0.4.0":
  "integrity" "sha512-Oei9OH4tRh0YqU3GxhX79dM/mwVgvbZJaSNaRk+bshkj0S5cfHcgYakreBjrHwatXKbz+IoIdYLxrKim2MjW0Q=="
  "resolved" "https://registry.npmjs.org/asynckit/-/asynckit-0.4.0.tgz"
  "version" "0.4.0"

"axios@^0.26.0":
  "integrity" "sha512-fPwcX4EvnSHuInCMItEhAGnaSEXRBjtzh9fOtsE6E1G6p7vl7edEeZe11QHf18+6+9gR5PbKV/sGKNaD8YaMeA=="
  "resolved" "https://registry.npmjs.org/axios/-/axios-0.26.1.tgz"
  "version" "0.26.1"
  dependencies:
    "follow-redirects" "^1.14.8"

"axios@^1.5.0":
  "integrity" "sha512-D4DdjDo5CY50Qms0qGQTTw6Q44jl7zRwY7bthds06pUGfChBCTcQs+N743eFWGEd6pRTMd6A+I87aWyFV5wiZQ=="
  "resolved" "https://registry.npmjs.org/axios/-/axios-1.5.0.tgz"
  "version" "1.5.0"
  dependencies:
    "follow-redirects" "^1.15.0"
    "form-data" "^4.0.0"
    "proxy-from-env" "^1.1.0"

"balanced-match@^1.0.0":
  "integrity" "sha512-3oSeUO0TMV67hN1AmbXsK4yaqU7tjiHlbxRDZOpH0KW9+CeX4bRAaX0Anxt0tx2MrpRpWwQaPwIlISEJhYU5Pw=="
  "resolved" "https://registry.npmjs.org/balanced-match/-/balanced-match-1.0.2.tgz"
  "version" "1.0.2"

"body-parser@1.20.1":
  "integrity" "sha512-jWi7abTbYwajOytWCQc37VulmWiRae5RyTpaCyDcS5/lMdtwSz5lOpDE67srw/HYe35f1z3fDQw+3txg7gNtWw=="
  "resolved" "https://registry.npmjs.org/body-parser/-/body-parser-1.20.1.tgz"
  "version" "1.20.1"
  dependencies:
    "bytes" "3.1.2"
    "content-type" "~1.0.4"
    "debug" "2.6.9"
    "depd" "2.0.0"
    "destroy" "1.2.0"
    "http-errors" "2.0.0"
    "iconv-lite" "0.4.24"
    "on-finished" "2.4.1"
    "qs" "6.11.0"
    "raw-body" "2.5.1"
    "type-is" "~1.6.18"
    "unpipe" "1.0.0"

"brace-expansion@^2.0.1":
  "integrity" "sha512-XnAIvQ8eM+kC6aULx6wuQiwVsnzsi9d3WxzV3FpWTGA19F621kwdbsAcFKXgKUHZWsy+mY6iL1sHTxWEFCytDA=="
  "resolved" "https://registry.npmjs.org/brace-expansion/-/brace-expansion-2.0.1.tgz"
  "version" "2.0.1"
  dependencies:
    "balanced-match" "^1.0.0"

"busboy@^1.6.0":
  "integrity" "sha512-8SFQbg/0hQ9xy3UNTB0YEnsNBbWfhf7RtnzpL7TkBiTBRfrQ9Fxcnz7VJsleJpyp6rVLvXiuORqjlHi5q+PYuA=="
  "resolved" "https://registry.npmjs.org/busboy/-/busboy-1.6.0.tgz"
  "version" "1.6.0"
  dependencies:
    "streamsearch" "^1.1.0"

"bytes@3.1.2":
  "integrity" "sha512-/Nf7TyzTx6S3yRJObOAV7956r8cr2+Oj8AC5dt8wSP3BQAoeX58NoHyCU8P8zGkNXStjTSi6fzO6F0pBdcYbEg=="
  "resolved" "https://registry.npmjs.org/bytes/-/bytes-3.1.2.tgz"
  "version" "3.1.2"

"call-bind@^1.0.0", "call-bind@^1.0.2":
  "integrity" "sha512-7O+FbCihrB5WGbFYesctwmTKae6rOiIzmz1icreWJ+0aA7LJfuqhEso2T9ncpcFtzMQtzXf2QGGueWJGTYsqrA=="
  "resolved" "https://registry.npmjs.org/call-bind/-/call-bind-1.0.2.tgz"
  "version" "1.0.2"
  dependencies:
    "function-bind" "^1.1.1"
    "get-intrinsic" "^1.0.2"

"combined-stream@^1.0.8":
  "integrity" "sha512-FQN4MRfuJeHf7cBbBMJFXhKSDq+2kAArBlmRBvcvFE5BB1HZKXtSFASDhdlz9zOYwxh8lDdnvmMOe/+5cdoEdg=="
  "resolved" "https://registry.npmjs.org/combined-stream/-/combined-stream-1.0.8.tgz"
  "version" "1.0.8"
  dependencies:
    "delayed-stream" "~1.0.0"

"content-disposition@0.5.4":
  "integrity" "sha512-FveZTNuGw04cxlAiWbzi6zTAL/lhehaWbTtgluJh4/E95DqMwTmha3KZN1aAWA8cFIhHzMZUvLevkw5Rqk+tSQ=="
  "resolved" "https://registry.npmjs.org/content-disposition/-/content-disposition-0.5.4.tgz"
  "version" "0.5.4"
  dependencies:
    "safe-buffer" "5.2.1"

"content-type@~1.0.4":
  "integrity" "sha512-nTjqfcBFEipKdXCv4YDQWCfmcLZKm81ldF0pAopTvyrFGVbcR6P/VAAd5G7N+0tTr8QqiU0tFadD6FK4NtJwOA=="
  "resolved" "https://registry.npmjs.org/content-type/-/content-type-1.0.5.tgz"
  "version" "1.0.5"

"cookie-signature@1.0.6":
  "integrity" "sha512-QADzlaHc8icV8I7vbaJXJwod9HWYp8uCqf1xa4OfNu1T7JVxQIrUgOWtHdNDtPiywmFbiS12VjotIXLrKM3orQ=="
  "resolved" "https://registry.npmjs.org/cookie-signature/-/cookie-signature-1.0.6.tgz"
  "version" "1.0.6"

"cookie@0.5.0":
  "integrity" "sha512-YZ3GUyn/o8gfKJlnlX7g7xq4gyO6OSuhGPKaaGssGB2qgDUS0gPgtTvoyZLTt9Ab6dC4hfc9dV5arkvc/OCmrw=="
  "resolved" "https://registry.npmjs.org/cookie/-/cookie-0.5.0.tgz"
  "version" "0.5.0"

"debug@2.6.9":
  "integrity" "sha512-bC7ElrdJaJnPbAP+1EotYvqZsb3ecl5wi6Bfi6BJTUcNowp6cvspg0jXznRTKDjm/E7AdgFBVeAPVMNcKGsHMA=="
  "resolved" "https://registry.npmjs.org/debug/-/debug-2.6.9.tgz"
  "version" "2.6.9"
  dependencies:
    "ms" "2.0.0"

"define-properties@^1.1.4":
  "integrity" "sha512-xvqAVKGfT1+UAvPwKTVw/njhdQ8ZhXK4lI0bCIuCMrp2up9nPnaDftrLtmpTazqd1o+UY4zgzU+avtMbDP+ldA=="
  "resolved" "https://registry.npmjs.org/define-properties/-/define-properties-1.2.0.tgz"
  "version" "1.2.0"
  dependencies:
    "has-property-descriptors" "^1.0.0"
    "object-keys" "^1.1.1"

"delayed-stream@~1.0.0":
  "integrity" "sha512-ZySD7Nf91aLB0RxL4KGrKHBXl7Eds1DAmEdcoVawXnLD7SDhpNgtuII2aAkg7a7QS41jxPSZ17p4VdGnMHk3MQ=="
  "resolved" "https://registry.npmjs.org/delayed-stream/-/delayed-stream-1.0.0.tgz"
  "version" "1.0.0"

"depd@2.0.0":
  "integrity" "sha512-g7nH6P6dyDioJogAAGprGpCtVImJhpPk/roCzdb3fIh61/s/nPsfR6onyMwkCAR/OlC3yBC0lESvUoQEAssIrw=="
  "resolved" "https://registry.npmjs.org/depd/-/depd-2.0.0.tgz"
  "version" "2.0.0"

"destroy@1.2.0":
  "integrity" "sha512-2sJGJTaXIIaR1w4iJSNoN0hnMY7Gpc/n8D4qSCJw8QqFWXf7cuAgnEHxBpweaVcPevC2l3KpjYCx3NypQQgaJg=="
  "resolved" "https://registry.npmjs.org/destroy/-/destroy-1.2.0.tgz"
  "version" "1.2.0"

"discord-api-types@0.37.50":
  "integrity" "sha512-X4CDiMnDbA3s3RaUXWXmgAIbY1uxab3fqe3qwzg5XutR3wjqi7M3IkgQbsIBzpqBN2YWr/Qdv7JrFRqSgb4TFg=="
  "resolved" "https://registry.npmjs.org/discord-api-types/-/discord-api-types-0.37.50.tgz"
  "version" "0.37.50"

"discord.js@^14.11.0":
  "integrity" "sha512-Kufdvg7fpyTEwANGy9x7i4od4yu5c6gVddGi5CKm4Y5a6sF0VBODObI3o0Bh7TGCj0LfNT8Qp8z04wnLFzgnbA=="
  "resolved" "https://registry.npmjs.org/discord.js/-/discord.js-14.13.0.tgz"
  "version" "14.13.0"
  dependencies:
    "@discordjs/builders" "^1.6.5"
    "@discordjs/collection" "^1.5.3"
    "@discordjs/formatters" "^0.3.2"
    "@discordjs/rest" "^2.0.1"
    "@discordjs/util" "^1.0.1"
    "@discordjs/ws" "^1.0.1"
    "@sapphire/snowflake" "^3.5.1"
    "@types/ws" "^8.5.5"
    "discord-api-types" "0.37.50"
    "fast-deep-equal" "^3.1.3"
    "lodash.snakecase" "^4.1.1"
    "tslib" "^2.6.1"
    "undici" "5.22.1"
    "ws" "^8.13.0"

"ee-first@1.1.1":
  "integrity" "sha512-WMwm9LhRUo+WUaRN+vRuETqG89IgZphVSNkdFgeb6sS/E4OrDIN7t48CAewSHXc6C8lefD8KKfr5vY61brQlow=="
  "resolved" "https://registry.npmjs.org/ee-first/-/ee-first-1.1.1.tgz"
  "version" "1.1.1"

"encodeurl@~1.0.2":
  "integrity" "sha512-TPJXq8JqFaVYm2CWmPvnP2Iyo4ZSM7/QKcSmuMLDObfpH5fi7RUGmd/rTDf+rut/saiDiQEeVTNgAmJEdAOx0w=="
  "resolved" "https://registry.npmjs.org/encodeurl/-/encodeurl-1.0.2.tgz"
  "version" "1.0.2"

"escape-html@~1.0.3":
  "integrity" "sha512-NiSupZ4OeuGwr68lGIeym/ksIZMJodUGOSCZ/FSnTxcrekbvqrgdUxlJOMpijaKZVjAJrWrGs/6Jy8OMuyj9ow=="
  "resolved" "https://registry.npmjs.org/escape-html/-/escape-html-1.0.3.tgz"
  "version" "1.0.3"

"etag@~1.8.1":
  "integrity" "sha512-aIL5Fx7mawVa300al2BnEE4iNvo1qETxLrPI/o05L7z6go7fCw1J6EQmbK4FmJ2AS7kgVF/KEZWufBfdClMcPg=="
  "resolved" "https://registry.npmjs.org/etag/-/etag-1.8.1.tgz"
  "version" "1.8.1"

"express@^4.18.2":
  "integrity" "sha512-5/PsL6iGPdfQ/lKM1UuielYgv3BUoJfz1aUwU9vHZ+J7gyvwdQXFEBIEIaxeGf0GIcreATNyBExtalisDbuMqQ=="
  "resolved" "https://registry.npmjs.org/express/-/express-4.18.2.tgz"
  "version" "4.18.2"
  dependencies:
    "accepts" "~1.3.8"
    "array-flatten" "1.1.1"
    "body-parser" "1.20.1"
    "content-disposition" "0.5.4"
    "content-type" "~1.0.4"
    "cookie" "0.5.0"
    "cookie-signature" "1.0.6"
    "debug" "2.6.9"
    "depd" "2.0.0"
    "encodeurl" "~1.0.2"
    "escape-html" "~1.0.3"
    "etag" "~1.8.1"
    "finalhandler" "1.2.0"
    "fresh" "0.5.2"
    "http-errors" "2.0.0"
    "merge-descriptors" "1.0.1"
    "methods" "~1.1.2"
    "on-finished" "2.4.1"
    "parseurl" "~1.3.3"
    "path-to-regexp" "0.1.7"
    "proxy-addr" "~2.0.7"
    "qs" "6.11.0"
    "range-parser" "~1.2.1"
    "safe-buffer" "5.2.1"
    "send" "0.18.0"
    "serve-static" "1.15.0"
    "setprototypeof" "1.2.0"
    "statuses" "2.0.1"
    "type-is" "~1.6.18"
    "utils-merge" "1.0.1"
    "vary" "~1.1.2"

"fast-deep-equal@^3.1.3":
  "integrity" "sha512-f3qQ9oQy9j2AhBe/H9VC91wLmKBCCU/gDOnKNAYG5hswO7BLKj09Hc5HYNz9cGI++xlpDCIgDaitVs03ATR84Q=="
  "resolved" "https://registry.npmjs.org/fast-deep-equal/-/fast-deep-equal-3.1.3.tgz"
  "version" "3.1.3"

"finalhandler@1.2.0":
  "integrity" "sha512-5uXcUVftlQMFnWC9qu/svkWv3GTd2PfUhK/3PLkYNAe7FbqJMt3515HaxE6eRL74GdsriiwujiawdaB1BpEISg=="
  "resolved" "https://registry.npmjs.org/finalhandler/-/finalhandler-1.2.0.tgz"
  "version" "1.2.0"
  dependencies:
    "debug" "2.6.9"
    "encodeurl" "~1.0.2"
    "escape-html" "~1.0.3"
    "on-finished" "2.4.1"
    "parseurl" "~1.3.3"
    "statuses" "2.0.1"
    "unpipe" "~1.0.0"

"follow-redirects@^1.14.8", "follow-redirects@^1.15.0":
  "integrity" "sha512-VQLG33o04KaQ8uYi2tVNbdrWp1QWxNNea+nmIB4EVM28v0hmP17z7aG1+wAkNzVq4KeXTq3221ye5qTJP91JwA=="
  "resolved" "https://registry.npmjs.org/follow-redirects/-/follow-redirects-1.15.2.tgz"
  "version" "1.15.2"

"form-data@^4.0.0":
  "integrity" "sha512-ETEklSGi5t0QMZuiXoA/Q6vcnxcLQP5vdugSpuAyi6SVGi2clPPp+xgEhuMaHC+zGgn31Kd235W35f7Hykkaww=="
  "resolved" "https://registry.npmjs.org/form-data/-/form-data-4.0.0.tgz"
  "version" "4.0.0"
  dependencies:
    "asynckit" "^0.4.0"
    "combined-stream" "^1.0.8"
    "mime-types" "^2.1.12"

"forwarded@0.2.0":
  "integrity" "sha512-buRG0fpBtRHSTCOASe6hD258tEubFoRLb4ZNA6NxMVHNw2gOcwHo9wyablzMzOA5z9xA9L1KNjk/Nt6MT9aYow=="
  "resolved" "https://registry.npmjs.org/forwarded/-/forwarded-0.2.0.tgz"
  "version" "0.2.0"

"fresh@0.5.2":
  "integrity" "sha512-zJ2mQYM18rEFOudeV4GShTGIQ7RbzA7ozbU9I/XBpm7kqgMywgmylMwXHxZJmkVoYkna9d2pVXVXPdYTP9ej8Q=="
  "resolved" "https://registry.npmjs.org/fresh/-/fresh-0.5.2.tgz"
  "version" "0.5.2"

"function-bind@^1.1.1":
  "integrity" "sha512-yIovAzMX49sF8Yl58fSCWJ5svSLuaibPxXQJFLmBObTuCr0Mf1KiPopGM9NiFjiYBCbfaa2Fh6breQ6ANVTI0A=="
  "resolved" "https://registry.npmjs.org/function-bind/-/function-bind-1.1.1.tgz"
  "version" "1.1.1"

"gen-esm-wrapper@^1.1.3":
  "integrity" "sha512-LNHZ+QpaCW/0VhABIbXn45V+P8kFvjjwuue9hbV23eOjuFVz6c0FE3z1XpLX9pSjLW7UmtCkXo5F9vhZWVs8oQ=="
  "resolved" "https://registry.npmjs.org/gen-esm-wrapper/-/gen-esm-wrapper-1.1.3.tgz"
  "version" "1.1.3"
  dependencies:
    "is-valid-identifier" "^2.0.2"

"get-intrinsic@^1.0.2", "get-intrinsic@^1.1.1":
  "integrity" "sha512-2DcsyfABl+gVHEfCOaTrWgyt+tb6MSEGmKq+kI5HwLbIYgjgmMcV8KQ41uaKz1xxUcn9tJtgFbQUEVcEbd0FYw=="
  "resolved" "https://registry.npmjs.org/get-intrinsic/-/get-intrinsic-1.2.1.tgz"
  "version" "1.2.1"
  dependencies:
    "function-bind" "^1.1.1"
    "has" "^1.0.3"
    "has-proto" "^1.0.1"
    "has-symbols" "^1.0.3"

"has-property-descriptors@^1.0.0":
  "integrity" "sha512-62DVLZGoiEBDHQyqG4w9xCuZ7eJEwNmJRWw2VY84Oedb7WFcA27fiEVe8oUQx9hAUJ4ekurquucTGwsyO1XGdQ=="
  "resolved" "https://registry.npmjs.org/has-property-descriptors/-/has-property-descriptors-1.0.0.tgz"
  "version" "1.0.0"
  dependencies:
    "get-intrinsic" "^1.1.1"

"has-proto@^1.0.1":
  "integrity" "sha512-7qE+iP+O+bgF9clE5+UoBFzE65mlBiVj3tKCrlNQ0Ogwm0BjpT/gK4SlLYDMybDh5I3TCTKnPPa0oMG7JDYrhg=="
  "resolved" "https://registry.npmjs.org/has-proto/-/has-proto-1.0.1.tgz"
  "version" "1.0.1"

"has-symbols@^1.0.3":
  "integrity" "sha512-l3LCuF6MgDNwTDKkdYGEihYjt5pRPbEg46rtlmnSPlUbgmB8LOIrKJbYYFBSbnPaJexMKtiPO8hmeRjRz2Td+A=="
  "resolved" "https://registry.npmjs.org/has-symbols/-/has-symbols-1.0.3.tgz"
  "version" "1.0.3"

"has@^1.0.3":
  "integrity" "sha512-f2dvO0VU6Oej7RkWJGrehjbzMAjFp5/VKPp5tTpWIV4JHHZK1/BxbFRtf/siA2SWTe09caDmVtYYzWEIbBS4zw=="
  "resolved" "https://registry.npmjs.org/has/-/has-1.0.3.tgz"
  "version" "1.0.3"
  dependencies:
    "function-bind" "^1.1.1"

"http-errors@2.0.0":
  "integrity" "sha512-FtwrG/euBzaEjYeRqOgly7G0qviiXoJWnvEH2Z1plBdXgbyjv34pHTSb9zoeHMyDy33+DWy5Wt9Wo+TURtOYSQ=="
  "resolved" "https://registry.npmjs.org/http-errors/-/http-errors-2.0.0.tgz"
  "version" "2.0.0"
  dependencies:
    "depd" "2.0.0"
    "inherits" "2.0.4"
    "setprototypeof" "1.2.0"
    "statuses" "2.0.1"
    "toidentifier" "1.0.1"

"iconv-lite@0.4.24":
  "integrity" "sha512-v3MXnZAcvnywkTUEZomIActle7RXXeedOR31wwl7VlyoXO4Qi9arvSenNQWne1TcRwhCL1HwLI21bEqdpj8/rA=="
  "resolved" "https://registry.npmjs.org/iconv-lite/-/iconv-lite-0.4.24.tgz"
  "version" "0.4.24"
  dependencies:
    "safer-buffer" ">= 2.1.2 < 3"

"inherits@2.0.3":
  "integrity" "sha512-x00IRNXNy63jwGkJmzPigoySHbaqpNuzKbBOmzK+g2OdZpQ9w+sxCN+VSB3ja7IAge2OP2qpfxTjeNcyjmW1uw=="
  "resolved" "https://registry.npmjs.org/inherits/-/inherits-2.0.3.tgz"
  "version" "2.0.3"

"inherits@2.0.4":
  "integrity" "sha512-k/vGaX4/Yla3WzyMCvTQOXYeIHvqOKtnqBduzTHpzpQZzAskKMhZ2K+EnBiSM9zGSoIFeMpXKxa4dYeZIQqewQ=="
  "resolved" "https://registry.npmjs.org/inherits/-/inherits-2.0.4.tgz"
  "version" "2.0.4"

"ipaddr.js@1.9.1":
  "integrity" "sha512-0KI/607xoxSToH7GjN1FfSbLoU0+btTicjsQSWQlh/hZykN8KpmMf7uYwPW3R+akZ6R/w18ZlXSHBYXiYUPO3g=="
  "resolved" "https://registry.npmjs.org/ipaddr.js/-/ipaddr.js-1.9.1.tgz"
  "version" "1.9.1"

"is-valid-identifier@^2.0.2":
  "integrity" "sha512-mpS5EGqXOwzXtKAg6I44jIAqeBfntFLxpAth1rrKbxtKyI6LPktyDYpHBI+tHlduhhX/SF26mFXmxQu995QVqg=="
  "resolved" "https://registry.npmjs.org/is-valid-identifier/-/is-valid-identifier-2.0.2.tgz"
  "version" "2.0.2"
  dependencies:
    "assert" "^1.4.1"

"jsonc-parser@^3.2.0":
  "integrity" "sha512-gfFQZrcTc8CnKXp6Y4/CBT3fTc0OVuDofpre4aEeEpSBPV5X5v4+Vmx+8snU7RLPrNHPKSgLxGo9YuQzz20o+w=="
  "resolved" "https://registry.npmjs.org/jsonc-parser/-/jsonc-parser-3.2.0.tgz"
  "version" "3.2.0"

"lodash.snakecase@^4.1.1":
  "integrity" "sha512-QZ1d4xoBHYUeuouhEq3lk3Uq7ldgyFXGBhg04+oRLnIz8o9T65Eh+8YdroUwn846zchkA9yDsDl5CVVaV2nqYw=="
  "resolved" "https://registry.npmjs.org/lodash.snakecase/-/lodash.snakecase-4.1.1.tgz"
  "version" "4.1.1"

"lodash@^4.17.21":
  "integrity" "sha512-v2kDEe57lecTulaDIuNTPy3Ry4gLGJ6Z1O3vE1krgXZNrsQ+LFTGHVxVjcXPs17LhbZVGedAJv8XZ1tvj5FvSg=="
  "resolved" "https://registry.npmjs.org/lodash/-/lodash-4.17.21.tgz"
  "version" "4.17.21"

"lunr@^2.3.9":
  "integrity" "sha512-zTU3DaZaF3Rt9rhN3uBMGQD3dD2/vFQqnvZCDv4dl5iOzq2IZQqTxu90r4E5J+nP70J3ilqVCrbho2eWaeW8Ow=="
  "resolved" "https://registry.npmjs.org/lunr/-/lunr-2.3.9.tgz"
  "version" "2.3.9"

"magic-bytes.js@^1.0.15":
  "integrity" "sha512-bpRmwbRHqongRhA+mXzbLWjVy7ylqmfMBYaQkSs6pac0z6hBTvsgrH0r4FBYd/UYVJBmS6Rp/O+oCCQVLzKV1g=="
  "resolved" "https://registry.npmjs.org/magic-bytes.js/-/magic-bytes.js-1.0.15.tgz"
  "version" "1.0.15"

"marked@^4.3.0":
  "integrity" "sha512-PRsaiG84bK+AMvxziE/lCFss8juXjNaWzVbN5tXAm4XjeaS9NAHhop+PjQxz2A9h8Q4M/xGmzP8vqNwy6JeK0A=="
  "resolved" "https://registry.npmjs.org/marked/-/marked-4.3.0.tgz"
  "version" "4.3.0"

"media-typer@0.3.0":
  "integrity" "sha512-dq+qelQ9akHpcOl/gUVRTxVIOkAJ1wR3QAvb4RsVjS8oVoFjDGTc679wJYmUmknUF5HwMLOgb5O+a3KxfWapPQ=="
  "resolved" "https://registry.npmjs.org/media-typer/-/media-typer-0.3.0.tgz"
  "version" "0.3.0"

"merge-descriptors@1.0.1":
  "integrity" "sha512-cCi6g3/Zr1iqQi6ySbseM1Xvooa98N0w31jzUYrXPX2xqObmFGHJ0tQ5u74H3mVh7wLouTseZyYIq39g8cNp1w=="
  "resolved" "https://registry.npmjs.org/merge-descriptors/-/merge-descriptors-1.0.1.tgz"
  "version" "1.0.1"

"methods@~1.1.2":
  "integrity" "sha512-iclAHeNqNm68zFtnZ0e+1L2yUIdvzNoauKU4WBA3VvH/vPFieF7qfRlwUZU+DA9P9bPXIS90ulxoUoCH23sV2w=="
  "resolved" "https://registry.npmjs.org/methods/-/methods-1.1.2.tgz"
  "version" "1.1.2"

"mime-db@1.52.0":
  "integrity" "sha512-sPU4uV7dYlvtWJxwwxHD0PuihVNiE7TyAbQ5SWxDCB9mUYvOgroQOwYQQOKPJ8CIbE+1ETVlOoK1UC2nU3gYvg=="
  "resolved" "https://registry.npmjs.org/mime-db/-/mime-db-1.52.0.tgz"
  "version" "1.52.0"

"mime-types@^2.1.12", "mime-types@~2.1.24", "mime-types@~2.1.34":
  "integrity" "sha512-ZDY+bPm5zTTF+YpCrAU9nK0UgICYPT0QtT1NZWFv4s++TNkcgVaT0g6+4R2uI4MjQjzysHB1zxuWL50hzaeXiw=="
  "resolved" "https://registry.npmjs.org/mime-types/-/mime-types-2.1.35.tgz"
  "version" "2.1.35"
  dependencies:
    "mime-db" "1.52.0"

"mime@1.6.0":
  "integrity" "sha512-x0Vn8spI+wuJ1O6S7gnbaQg8Pxh4NNHb7KSINmEWKiPE4RKOplvijn+NkmYmmRgP68mc70j2EbeTFRsrswaQeg=="
  "resolved" "https://registry.npmjs.org/mime/-/mime-1.6.0.tgz"
  "version" "1.6.0"

"minimatch@^9.0.3":
  "integrity" "sha512-RHiac9mvaRw0x3AYRgDC1CxAP7HTcNrrECeA8YYJeWnpo+2Q5CegtZjaotWTWxDG3UeGA1coE05iH1mPjT/2mg=="
  "resolved" "https://registry.npmjs.org/minimatch/-/minimatch-9.0.3.tgz"
  "version" "9.0.3"
  dependencies:
    "brace-expansion" "^2.0.1"

"ms@2.0.0":
  "integrity" "sha512-Tpp60P6IUJDTuOq/5Z8cdskzJujfwqfOTkrwIwj7IRISpnkJnT6SyJ4PCPnGMoFjC9ddhal5KVIYtAt97ix05A=="
  "resolved" "https://registry.npmjs.org/ms/-/ms-2.0.0.tgz"
  "version" "2.0.0"

"ms@2.1.3":
  "integrity" "sha512-6FlzubTLZG3J2a/NVCAleEhjzq5oxgHyaCU9yYXvcLsvoVaHJq/s5xXI6/XXP6tz7R9xAOtHnSO/tXtF3WRTlA=="
  "resolved" "https://registry.npmjs.org/ms/-/ms-2.1.3.tgz"
  "version" "2.1.3"

"negotiator@0.6.3":
  "integrity" "sha512-+EUsqGPLsM+j/zdChZjsnX51g4XrHFOIXwfnCVPGlQk/k5giakcKsuxCObBRu6DSm9opw/O6slWbJdghQM4bBg=="
  "resolved" "https://registry.npmjs.org/negotiator/-/negotiator-0.6.3.tgz"
  "version" "0.6.3"

"object-inspect@^1.9.0":
  "integrity" "sha512-geUvdk7c+eizMNUDkRpW1wJwgfOiOeHbxBR/hLXK1aT6zmVSO0jsQcs7fj6MGw89jC/cjGfLcNOrtMYtGqm81g=="
  "resolved" "https://registry.npmjs.org/object-inspect/-/object-inspect-1.12.3.tgz"
  "version" "1.12.3"

"object-keys@^1.1.1":
  "integrity" "sha512-NuAESUOUMrlIXOfHKzD6bpPu3tYt3xvjNdRIQ+FeT0lNb4K8WR70CaDxhuNguS2XG+GjkyMwOzsN5ZktImfhLA=="
  "resolved" "https://registry.npmjs.org/object-keys/-/object-keys-1.1.1.tgz"
  "version" "1.1.1"

"object.assign@^4.1.4":
  "integrity" "sha512-1mxKf0e58bvyjSCtKYY4sRe9itRk3PJpquJOjeIkz885CczcI4IvJJDLPS72oowuSh+pBxUFROpX+TU++hxhZQ=="
  "resolved" "https://registry.npmjs.org/object.assign/-/object.assign-4.1.4.tgz"
  "version" "4.1.4"
  dependencies:
    "call-bind" "^1.0.2"
    "define-properties" "^1.1.4"
    "has-symbols" "^1.0.3"
    "object-keys" "^1.1.1"

"on-finished@2.4.1":
  "integrity" "sha512-oVlzkg3ENAhCk2zdv7IJwd/QUD4z2RxRwpkcGY8psCVcCYZNq4wYnVWALHM+brtuJjePWiYF/ClmuDr8Ch5+kg=="
  "resolved" "https://registry.npmjs.org/on-finished/-/on-finished-2.4.1.tgz"
  "version" "2.4.1"
  dependencies:
    "ee-first" "1.1.1"

"openai@^3.3.0":
  "integrity" "sha512-uqxI/Au+aPRnsaQRe8CojU0eCR7I0mBiKjD3sNMzY6DaC1ZVrc85u98mtJW6voDug8fgGN+DIZmTDxTthxb7dQ=="
  "resolved" "https://registry.npmjs.org/openai/-/openai-3.3.0.tgz"
  "version" "3.3.0"
  dependencies:
    "axios" "^0.26.0"
    "form-data" "^4.0.0"

"parseurl@~1.3.3":
  "integrity" "sha512-CiyeOxFT/JZyN5m0z9PfXw4SCBJ6Sygz1Dpl0wqjlhDEGGBP1GnsUVEL0p63hoG1fcj3fHynXi9NYO4nWOL+qQ=="
  "resolved" "https://registry.npmjs.org/parseurl/-/parseurl-1.3.3.tgz"
  "version" "1.3.3"

"path-to-regexp@0.1.7":
  "integrity" "sha512-5DFkuoqlv1uYQKxy8omFBeJPQcdoE07Kv2sferDCrAq1ohOU+MSDswDIbnx3YAM60qIOnYa53wBhXW0EbMonrQ=="
  "resolved" "https://registry.npmjs.org/path-to-regexp/-/path-to-regexp-0.1.7.tgz"
  "version" "0.1.7"

"prettier@^3.0.3":
  "integrity" "sha512-L/4pUDMxcNa8R/EthV08Zt42WBO4h1rarVtK0K+QJG0X187OLo7l699jWw0GKuwzkPQ//jMFA/8Xm6Fh3J/DAg=="
  "resolved" "https://registry.npmjs.org/prettier/-/prettier-3.0.3.tgz"
  "version" "3.0.3"

"proxy-addr@~2.0.7":
  "integrity" "sha512-llQsMLSUDUPT44jdrU/O37qlnifitDP+ZwrmmZcoSKyLKvtZxpyV0n2/bD/N4tBAAZ/gJEdZU7KMraoK1+XYAg=="
  "resolved" "https://registry.npmjs.org/proxy-addr/-/proxy-addr-2.0.7.tgz"
  "version" "2.0.7"
  dependencies:
    "forwarded" "0.2.0"
    "ipaddr.js" "1.9.1"

"proxy-from-env@^1.1.0":
  "integrity" "sha512-D+zkORCbA9f1tdWRK0RaCR3GPv50cMxcrz4X8k5LTSUD1Dkw47mKJEZQNunItRTkWwgtaUSo1RVFRIG9ZXiFYg=="
  "resolved" "https://registry.npmjs.org/proxy-from-env/-/proxy-from-env-1.1.0.tgz"
  "version" "1.1.0"

"qs@6.11.0":
  "integrity" "sha512-MvjoMCJwEarSbUYk5O+nmoSzSutSsTwF85zcHPQ9OrlFoZOYIjaqBAJIqIXjptyD5vThxGq52Xu/MaJzRkIk4Q=="
  "resolved" "https://registry.npmjs.org/qs/-/qs-6.11.0.tgz"
  "version" "6.11.0"
  dependencies:
    "side-channel" "^1.0.4"

"range-parser@~1.2.1":
  "integrity" "sha512-Hrgsx+orqoygnmhFbKaHE6c296J+HTAQXoxEF6gNupROmmGJRoyzfG3ccAveqCBrwr/2yxQ5BVd/GTl5agOwSg=="
  "resolved" "https://registry.npmjs.org/range-parser/-/range-parser-1.2.1.tgz"
  "version" "1.2.1"

"raw-body@2.5.1":
  "integrity" "sha512-qqJBtEyVgS0ZmPGdCFPWJ3FreoqvG4MVQln/kCgF7Olq95IbOp0/BWyMwbdtn4VTvkM8Y7khCQ2Xgk/tcrCXig=="
  "resolved" "https://registry.npmjs.org/raw-body/-/raw-body-2.5.1.tgz"
  "version" "2.5.1"
  dependencies:
    "bytes" "3.1.2"
    "http-errors" "2.0.0"
    "iconv-lite" "0.4.24"
    "unpipe" "1.0.0"

"safe-buffer@5.2.1":
  "integrity" "sha512-rp3So07KcdmmKbGvgaNxQSJr7bGVSVk5S9Eq1F+ppbRo70+YeaDxkw5Dd8NPN+GD6bjnYm2VuPuCXmpuYvmCXQ=="
  "resolved" "https://registry.npmjs.org/safe-buffer/-/safe-buffer-5.2.1.tgz"
  "version" "5.2.1"

"safer-buffer@>= 2.1.2 < 3":
  "integrity" "sha512-YZo3K82SD7Riyi0E1EQPojLz7kpepnSQI9IyPbHHg1XXXevb5dJI7tpyN2ADxGcQbHG7vcyRHk0cbwqcQriUtg=="
  "resolved" "https://registry.npmjs.org/safer-buffer/-/safer-buffer-2.1.2.tgz"
  "version" "2.1.2"

"send@0.18.0":
  "integrity" "sha512-qqWzuOjSFOuqPjFe4NOsMLafToQQwBSOEpS+FwEt3A2V3vKubTquT3vmLTQpFgMXp8AlFWFuP1qKaJZOtPpVXg=="
  "resolved" "https://registry.npmjs.org/send/-/send-0.18.0.tgz"
  "version" "0.18.0"
  dependencies:
    "debug" "2.6.9"
    "depd" "2.0.0"
    "destroy" "1.2.0"
    "encodeurl" "~1.0.2"
    "escape-html" "~1.0.3"
    "etag" "~1.8.1"
    "fresh" "0.5.2"
    "http-errors" "2.0.0"
    "mime" "1.6.0"
    "ms" "2.1.3"
    "on-finished" "2.4.1"
    "range-parser" "~1.2.1"
    "statuses" "2.0.1"

"serve-static@1.15.0":
  "integrity" "sha512-XGuRDNjXUijsUL0vl6nSD7cwURuzEgglbOaFuZM9g3kwDXOWVTck0jLzjPzGD+TazWbboZYu52/9/XPdUgne9g=="
  "resolved" "https://registry.npmjs.org/serve-static/-/serve-static-1.15.0.tgz"
  "version" "1.15.0"
  dependencies:
    "encodeurl" "~1.0.2"
    "escape-html" "~1.0.3"
    "parseurl" "~1.3.3"
    "send" "0.18.0"

"setprototypeof@1.2.0":
  "integrity" "sha512-E5LDX7Wrp85Kil5bhZv46j8jOeboKq5JMmYM3gVGdGH8xFpPWXUMsNrlODCrkoxMEeNi/XZIwuRvY4XNwYMJpw=="
  "resolved" "https://registry.npmjs.org/setprototypeof/-/setprototypeof-1.2.0.tgz"
  "version" "1.2.0"

"shiki@^0.14.1":
  "integrity" "sha512-1gCAYOcmCFONmErGTrS1fjzJLA7MGZmKzrBNX7apqSwhyITJg2O102uFzXUeBxNnEkDA9vHIKLyeKq0V083vIw=="
  "resolved" "https://registry.npmjs.org/shiki/-/shiki-0.14.5.tgz"
  "version" "0.14.5"
  dependencies:
    "ansi-sequence-parser" "^1.1.0"
    "jsonc-parser" "^3.2.0"
    "vscode-oniguruma" "^1.7.0"
    "vscode-textmate" "^8.0.0"

"side-channel@^1.0.4":
  "integrity" "sha512-q5XPytqFEIKHkGdiMIrY10mvLRvnQh42/+GoBlFW3b2LXLE2xxJpZFdm94we0BaoV3RwJyGqg5wS7epxTv0Zvw=="
  "resolved" "https://registry.npmjs.org/side-channel/-/side-channel-1.0.4.tgz"
  "version" "1.0.4"
  dependencies:
    "call-bind" "^1.0.0"
    "get-intrinsic" "^1.0.2"
    "object-inspect" "^1.9.0"

"statuses@2.0.1":
  "integrity" "sha512-RwNA9Z/7PrK06rYLIzFMlaF+l73iwpzsqRIFgbMLbTcLD6cOao82TaWefPXQvB2fOC4AjuYSEndS7N/mTCbkdQ=="
  "resolved" "https://registry.npmjs.org/statuses/-/statuses-2.0.1.tgz"
  "version" "2.0.1"

"streamsearch@^1.1.0":
  "integrity" "sha512-Mcc5wHehp9aXz1ax6bZUyY5afg9u2rv5cqQI3mRrYkGC8rW2hM02jWuwjtL++LS5qinSyhj2QfLyNsuc+VsExg=="
  "resolved" "https://registry.npmjs.org/streamsearch/-/streamsearch-1.1.0.tgz"
  "version" "1.1.0"

"toidentifier@1.0.1":
  "integrity" "sha512-o5sSPKEkg/DIQNmH43V0/uerLrpzVedkUh8tGNvaeXpfpuwjKenlSox/2O/BTlZUtEe+JG7s5YhEz608PlAHRA=="
  "resolved" "https://registry.npmjs.org/toidentifier/-/toidentifier-1.0.1.tgz"
  "version" "1.0.1"

"ts-mixer@^6.0.3":
  "integrity" "sha512-k43M7uCG1AkTyxgnmI5MPwKoUvS/bRvLvUb7+Pgpdlmok8AoqmUaZxUUw8zKM5B1lqZrt41GjYgnvAi0fppqgQ=="
  "resolved" "https://registry.npmjs.org/ts-mixer/-/ts-mixer-6.0.3.tgz"
  "version" "6.0.3"

"tslib@^2.6.1":
  "integrity" "sha512-AEYxH93jGFPn/a2iVAwW87VuUIkR1FVUKB77NwMF7nBTDkDrrT/Hpt/IrCJ0QXhW27jTBDcf5ZY7w6RiqTMw2Q=="
  "resolved" "https://registry.npmjs.org/tslib/-/tslib-2.6.2.tgz"
  "version" "2.6.2"

"type-is@~1.6.18":
  "integrity" "sha512-TkRKr9sUTxEH8MdfuCSP7VizJyzRNMjj2J2do2Jr3Kym598JVdEksuzPQCnlFPW4ky9Q+iA+ma9BGm06XQBy8g=="
  "resolved" "https://registry.npmjs.org/type-is/-/type-is-1.6.18.tgz"
  "version" "1.6.18"
  dependencies:
    "media-typer" "0.3.0"
    "mime-types" "~2.1.24"

"typedoc@^0.25.3":
  "integrity" "sha512-Ow8Bo7uY1Lwy7GTmphRIMEo6IOZ+yYUyrc8n5KXIZg1svpqhZSWgni2ZrDhe+wLosFS8yswowUzljTAV/3jmWw=="
  "resolved" "https://registry.npmjs.org/typedoc/-/typedoc-0.25.3.tgz"
  "version" "0.25.3"
  dependencies:
    "lunr" "^2.3.9"
    "marked" "^4.3.0"
    "minimatch" "^9.0.3"
    "shiki" "^0.14.1"

"typescript@^5.2.2", "typescript@4.6.x || 4.7.x || 4.8.x || 4.9.x || 5.0.x || 5.1.x || 5.2.x":
  "integrity" "sha512-mI4WrpHsbCIcwT9cF4FZvr80QUeKvsUsUvKDoR+X/7XHQH98xYD8YHZg7ANtz2GtZt/CBq2QJ0thkGJMHfqc1w=="
  "resolved" "https://registry.npmjs.org/typescript/-/typescript-5.2.2.tgz"
  "version" "5.2.2"

"undici@5.22.1":
  "integrity" "sha512-Ji2IJhFXZY0x/0tVBXeQwgPlLWw13GVzpsWPQ3rV50IFMMof2I55PZZxtm4P6iNq+L5znYN9nSTAq0ZyE6lSJw=="
  "resolved" "https://registry.npmjs.org/undici/-/undici-5.22.1.tgz"
  "version" "5.22.1"
  dependencies:
    "busboy" "^1.6.0"

"unpipe@~1.0.0", "unpipe@1.0.0":
  "integrity" "sha512-pjy2bYhSsufwWlKwPc+l3cN7+wuJlK6uz0YdJEOlQDbl6jo/YlPi4mb8agUkVC8BF7V8NuzeyPNqRksA3hztKQ=="
  "resolved" "https://registry.npmjs.org/unpipe/-/unpipe-1.0.0.tgz"
  "version" "1.0.0"

"util@^0.10.4":
  "integrity" "sha512-0Pm9hTQ3se5ll1XihRic3FDIku70C+iHUdT/W926rSgHV5QgXsYbKZN8MSC3tJtSkhuROzvsQjAaFENRXr+19A=="
  "resolved" "https://registry.npmjs.org/util/-/util-0.10.4.tgz"
  "version" "0.10.4"
  dependencies:
    "inherits" "2.0.3"

"utils-merge@1.0.1":
  "integrity" "sha512-pMZTvIkT1d+TFGvDOqodOclx0QWkkgi6Tdoa8gC8ffGAAqz9pzPTZWAybbsHHoED/ztMtkv/VoYTYyShUn81hA=="
  "resolved" "https://registry.npmjs.org/utils-merge/-/utils-merge-1.0.1.tgz"
  "version" "1.0.1"

"vary@~1.1.2":
  "integrity" "sha512-BNGbWLfd0eUPabhkXUVm0j8uuvREyTh5ovRa/dyow/BqAbZJyC+5fU+IzQOzmAKzYqYRAISoRhdQr3eIZ/PXqg=="
  "resolved" "https://registry.npmjs.org/vary/-/vary-1.1.2.tgz"
  "version" "1.1.2"

"vscode-oniguruma@^1.7.0":
  "integrity" "sha512-L9WMGRfrjOhgHSdOYgCt/yRMsXzLDJSL7BPrOZt73gU0iWO4mpqzqQzOz5srxqTvMBaR0XZTSrVWo4j55Rc6cA=="
  "resolved" "https://registry.npmjs.org/vscode-oniguruma/-/vscode-oniguruma-1.7.0.tgz"
  "version" "1.7.0"

"vscode-textmate@^8.0.0":
  "integrity" "sha512-AFbieoL7a5LMqcnOF04ji+rpXadgOXnZsxQr//r83kLPr7biP7am3g9zbaZIaBGwBRWeSvoMD4mgPdX3e4NWBg=="
  "resolved" "https://registry.npmjs.org/vscode-textmate/-/vscode-textmate-8.0.0.tgz"
  "version" "8.0.0"

"ws@^8.13.0":
  "integrity" "sha512-WR0RJE9Ehsio6U4TuM+LmunEsjQ5ncHlw4sn9ihD6RoJKZrVyH9FWV3dmnwu8B2aNib1OvG2X6adUCyFpQyWcg=="
  "resolved" "https://registry.npmjs.org/ws/-/ws-8.14.0.tgz"
  "version" "8.14.0"
